
Microsoft Visual Studio Solution File, Format Version 12.00
# Visual Studio Version 17
VisualStudioVersion = 17.0.31903.59
MinimumVisualStudioVersion = 10.0.40219.1
Project("{FAE04EC0-301F-11D3-BF4B-00C04F79EFBC}") = "DiskayBot", "DiskayBot.Bot\DiskayBot.Bot.csproj", "{D27133F8-6FB2-43B2-A06D-8409C3A668B0}"
EndProject
Project("{FAE04EC0-301F-11D3-BF4B-00C04F79EFBC}") = "DiskayBot.API", "DiskayBot.API\DiskayBot.API.csproj", "{997259AC-A1D1-4DFC-A651-BFDE0E544738}"
EndProject
Global
	GlobalSection(SolutionConfigurationPlatforms) = preSolution
		Debug|Any CPU = Debug|Any CPU
		Release|Any CPU = Release|Any CPU
	EndGlobalSection
	GlobalSection(ProjectConfigurationPlatforms) = postSolution
		{D27133F8-6FB2-43B2-A06D-8409C3A668B0}.Debug|Any CPU.ActiveCfg = Debug|Any CPU
		{D27133F8-6FB2-43B2-A06D-8409C3A668B0}.Debug|Any CPU.Build.0 = Debug|Any CPU
		{D27133F8-6FB2-43B2-A06D-8409C3A668B0}.Release|Any CPU.ActiveCfg = Release|Any CPU
		{D27133F8-6FB2-43B2-A06D-8409C3A668B0}.Release|Any CPU.Build.0 = Release|Any CPU
		{997259AC-A1D1-4DFC-A651-BFDE0E544738}.Debug|Any CPU.ActiveCfg = Debug|Any CPU
		{997259AC-A1D1-4DFC-A651-BFDE0E544738}.Debug|Any CPU.Build.0 = Debug|Any CPU
		{997259AC-A1D1-4DFC-A651-BFDE0E544738}.Release|Any CPU.ActiveCfg = Release|Any CPU
		{997259AC-A1D1-4DFC-A651-BFDE0E544738}.Release|Any CPU.Build.0 = Release|Any CPU
	EndGlobalSection
	GlobalSection(SolutionProperties) = preSolution
		HideSolutionNode = FALSE
	EndGlobalSection
EndGlobal
